// !$*UTF8*$!
{
	archiveVersion = 1;
	classes = {
	};
	objectVersion = 56;
	objects = {

/* Begin PBXBuildFile section */
		9014BAD729187FD000C7B28E /* ProductDetailViewController.swift in Sources */ = {isa = PBXBuildFile; fileRef = 9014BAD529187FD000C7B28E /* ProductDetailViewController.swift */; };
		9014BAD829187FD000C7B28E /* ProductDetailViewController.xib in Resources */ = {isa = PBXBuildFile; fileRef = 9014BAD629187FD000C7B28E /* ProductDetailViewController.xib */; };
		902898CA29184BB000610400 /* UserModel.swift in Sources */ = {isa = PBXBuildFile; fileRef = 902898C929184BB000610400 /* UserModel.swift */; };
		905686C02918518A00DE6472 /* Encodable+Extensions.swift in Sources */ = {isa = PBXBuildFile; fileRef = 905686BF2918518A00DE6472 /* Encodable+Extensions.swift */; };
		905686C22918520600DE6472 /* UIViewController+Extensions.swift in Sources */ = {isa = PBXBuildFile; fileRef = 905686C12918520600DE6472 /* UIViewController+Extensions.swift */; };
		905686C4291853EF00DE6472 /* GoogleService-Info.plist in Resources */ = {isa = PBXBuildFile; fileRef = 905686C3291853EF00DE6472 /* GoogleService-Info.plist */; };
		905686C629186C2F00DE6472 /* UIView+Extensions.swift in Sources */ = {isa = PBXBuildFile; fileRef = 905686C529186C2F00DE6472 /* UIView+Extensions.swift */; };
		905686C82918701800DE6472 /* ProductModel.swift in Sources */ = {isa = PBXBuildFile; fileRef = 905686C72918701800DE6472 /* ProductModel.swift */; };
		905686D0291871F500DE6472 /* APIConstants.swift in Sources */ = {isa = PBXBuildFile; fileRef = 905686CF291871F500DE6472 /* APIConstants.swift */; };
		908DEF0B2917F7BA00C4F228 /* BasketViewController.swift in Sources */ = {isa = PBXBuildFile; fileRef = 908DEF092917F7BA00C4F228 /* BasketViewController.swift */; };
		908DEF0C2917F7BA00C4F228 /* BasketViewController.xib in Resources */ = {isa = PBXBuildFile; fileRef = 908DEF0A2917F7BA00C4F228 /* BasketViewController.xib */; };
		908DEF0F2917F7CA00C4F228 /* BasketViewModel.swift in Sources */ = {isa = PBXBuildFile; fileRef = 908DEF0E2917F7CA00C4F228 /* BasketViewModel.swift */; };
		908DEF142917F7EC00C4F228 /* BasketTableViewCell.swift in Sources */ = {isa = PBXBuildFile; fileRef = 908DEF122917F7EC00C4F228 /* BasketTableViewCell.swift */; };
		908DEF152917F7EC00C4F228 /* BasketTableViewCell.xib in Resources */ = {isa = PBXBuildFile; fileRef = 908DEF132917F7EC00C4F228 /* BasketTableViewCell.xib */; };
		908DEF1C2917F82500C4F228 /* ProductsViewController.swift in Sources */ = {isa = PBXBuildFile; fileRef = 908DEF1A2917F82500C4F228 /* ProductsViewController.swift */; };
		908DEF1D2917F82500C4F228 /* ProductsViewController.xib in Resources */ = {isa = PBXBuildFile; fileRef = 908DEF1B2917F82500C4F228 /* ProductsViewController.xib */; };
		908DEF1F2917F82E00C4F228 /* ProductsViewModel.swift in Sources */ = {isa = PBXBuildFile; fileRef = 908DEF1E2917F82E00C4F228 /* ProductsViewModel.swift */; };
		908DEF232917F84400C4F228 /* ProductsCollectionViewCell.swift in Sources */ = {isa = PBXBuildFile; fileRef = 908DEF212917F84400C4F228 /* ProductsCollectionViewCell.swift */; };
		908DEF242917F84400C4F228 /* ProductsCollectionViewCell.xib in Resources */ = {isa = PBXBuildFile; fileRef = 908DEF222917F84400C4F228 /* ProductsCollectionViewCell.xib */; };
		908DEF2B2917F88400C4F228 /* SearchViewController.swift in Sources */ = {isa = PBXBuildFile; fileRef = 908DEF292917F88400C4F228 /* SearchViewController.swift */; };
		908DEF2C2917F88400C4F228 /* SearchViewController.xib in Resources */ = {isa = PBXBuildFile; fileRef = 908DEF2A2917F88400C4F228 /* SearchViewController.xib */; };
		908DEF2E2917F88F00C4F228 /* SearchViewModel.swift in Sources */ = {isa = PBXBuildFile; fileRef = 908DEF2D2917F88F00C4F228 /* SearchViewModel.swift */; };
		908DEF352917F91800C4F228 /* ProfileViewController.swift in Sources */ = {isa = PBXBuildFile; fileRef = 908DEF332917F91800C4F228 /* ProfileViewController.swift */; };
		908DEF362917F91800C4F228 /* ProfileViewController.xib in Resources */ = {isa = PBXBuildFile; fileRef = 908DEF342917F91800C4F228 /* ProfileViewController.xib */; };
		908DEF382917F92100C4F228 /* ProfileViewModel.swift in Sources */ = {isa = PBXBuildFile; fileRef = 908DEF372917F92100C4F228 /* ProfileViewModel.swift */; };
		90A0E57B2917F10F00B371E9 /* OnboardingViewController.swift in Sources */ = {isa = PBXBuildFile; fileRef = 90A0E5792917F10F00B371E9 /* OnboardingViewController.swift */; };
		90A0E57C2917F10F00B371E9 /* OnboardingViewController.xib in Resources */ = {isa = PBXBuildFile; fileRef = 90A0E57A2917F10F00B371E9 /* OnboardingViewController.xib */; };
		90A0E57E2917F12800B371E9 /* OnboardingViewModel.swift in Sources */ = {isa = PBXBuildFile; fileRef = 90A0E57D2917F12800B371E9 /* OnboardingViewModel.swift */; };
		90A0E5802917F13400B371E9 /* OnboardingModel.swift in Sources */ = {isa = PBXBuildFile; fileRef = 90A0E57F2917F13400B371E9 /* OnboardingModel.swift */; };
		90A0E5842917F19F00B371E9 /* OnboardingCollectionViewCell.swift in Sources */ = {isa = PBXBuildFile; fileRef = 90A0E5822917F19F00B371E9 /* OnboardingCollectionViewCell.swift */; };
		90A0E5852917F19F00B371E9 /* OnboardingCollectionViewCell.xib in Resources */ = {isa = PBXBuildFile; fileRef = 90A0E5832917F19F00B371E9 /* OnboardingCollectionViewCell.xib */; };
		90A13C3E29180DEC00C6088D /* Constants.swift in Sources */ = {isa = PBXBuildFile; fileRef = 90A13C3D29180DEC00C6088D /* Constants.swift */; };
		90A13C4129180F6D00C6088D /* SplashViewModel.swift in Sources */ = {isa = PBXBuildFile; fileRef = 90A13C4029180F6D00C6088D /* SplashViewModel.swift */; };
		90B38B0C2917F38000C2F3E9 /* AuthenticationViewController.swift in Sources */ = {isa = PBXBuildFile; fileRef = 90B38B0A2917F38000C2F3E9 /* AuthenticationViewController.swift */; };
		90B38B0D2917F38000C2F3E9 /* AuthenticationViewController.xib in Resources */ = {isa = PBXBuildFile; fileRef = 90B38B0B2917F38000C2F3E9 /* AuthenticationViewController.xib */; };
		90B38B0F2917F45C00C2F3E9 /* AuthenticationViewModel.swift in Sources */ = {isa = PBXBuildFile; fileRef = 90B38B0E2917F45C00C2F3E9 /* AuthenticationViewModel.swift */; };
		90BED3372917EC000036FA21 /* AppDelegate.swift in Sources */ = {isa = PBXBuildFile; fileRef = 90BED3362917EC000036FA21 /* AppDelegate.swift */; };
		90BED33E2917EC000036FA21 /* Main.storyboard in Resources */ = {isa = PBXBuildFile; fileRef = 90BED33C2917EC000036FA21 /* Main.storyboard */; };
		90BED3402917EC020036FA21 /* Assets.xcassets in Resources */ = {isa = PBXBuildFile; fileRef = 90BED33F2917EC020036FA21 /* Assets.xcassets */; };
		90BED3432917EC020036FA21 /* LaunchScreen.storyboard in Resources */ = {isa = PBXBuildFile; fileRef = 90BED3412917EC020036FA21 /* LaunchScreen.storyboard */; };
		90BED3562917F06D0036FA21 /* SplashViewController.swift in Sources */ = {isa = PBXBuildFile; fileRef = 90BED3542917F06D0036FA21 /* SplashViewController.swift */; };
		90BED3572917F06D0036FA21 /* SplashViewController.xib in Resources */ = {isa = PBXBuildFile; fileRef = 90BED3552917F06D0036FA21 /* SplashViewController.xib */; };
		90F170BF29188F3100F47611 /* UserDefaults+Extensions.swift in Sources */ = {isa = PBXBuildFile; fileRef = 90F170BE29188F3100F47611 /* UserDefaults+Extensions.swift */; };
		F7A816C8441B9B6F62C5A82E /* Pods_ShoppingApp.framework in Frameworks */ = {isa = PBXBuildFile; fileRef = 6E2308BF55F8F680930A3920 /* Pods_ShoppingApp.framework */; };
/* End PBXBuildFile section */

/* Begin PBXFileReference section */
		6E2308BF55F8F680930A3920 /* Pods_ShoppingApp.framework */ = {isa = PBXFileReference; explicitFileType = wrapper.framework; includeInIndex = 0; path = Pods_ShoppingApp.framework; sourceTree = BUILT_PRODUCTS_DIR; };
		73BE59889B47EDC51D3E3205 /* Pods-ShoppingApp.debug.xcconfig */ = {isa = PBXFileReference; includeInIndex = 1; lastKnownFileType = text.xcconfig; name = "Pods-ShoppingApp.debug.xcconfig"; path = "Target Support Files/Pods-ShoppingApp/Pods-ShoppingApp.debug.xcconfig"; sourceTree = "<group>"; };
		9014BAD529187FD000C7B28E /* ProductDetailViewController.swift */ = {isa = PBXFileReference; lastKnownFileType = sourcecode.swift; path = ProductDetailViewController.swift; sourceTree = "<group>"; };
		9014BAD629187FD000C7B28E /* ProductDetailViewController.xib */ = {isa = PBXFileReference; lastKnownFileType = file.xib; name = ProductDetailViewController.xib; path = ../Controller/ProductDetailViewController.xib; sourceTree = "<group>"; };
		902898C929184BB000610400 /* UserModel.swift */ = {isa = PBXFileReference; lastKnownFileType = sourcecode.swift; path = UserModel.swift; sourceTree = "<group>"; };
		905686BF2918518A00DE6472 /* Encodable+Extensions.swift */ = {isa = PBXFileReference; lastKnownFileType = sourcecode.swift; path = "Encodable+Extensions.swift"; sourceTree = "<group>"; };
		905686C12918520600DE6472 /* UIViewController+Extensions.swift */ = {isa = PBXFileReference; lastKnownFileType = sourcecode.swift; path = "UIViewController+Extensions.swift"; sourceTree = "<group>"; };
		905686C3291853EF00DE6472 /* GoogleService-Info.plist */ = {isa = PBXFileReference; fileEncoding = 4; lastKnownFileType = text.plist.xml; path = "GoogleService-Info.plist"; sourceTree = "<group>"; };
		905686C529186C2F00DE6472 /* UIView+Extensions.swift */ = {isa = PBXFileReference; lastKnownFileType = sourcecode.swift; path = "UIView+Extensions.swift"; sourceTree = "<group>"; };
		905686C72918701800DE6472 /* ProductModel.swift */ = {isa = PBXFileReference; lastKnownFileType = sourcecode.swift; name = ProductModel.swift; path = ShoppingApp/Screens/Products/Model/ProductModel.swift; sourceTree = SOURCE_ROOT; };
		905686CF291871F500DE6472 /* APIConstants.swift */ = {isa = PBXFileReference; lastKnownFileType = sourcecode.swift; path = APIConstants.swift; sourceTree = "<group>"; };
		908DEF092917F7BA00C4F228 /* BasketViewController.swift */ = {isa = PBXFileReference; lastKnownFileType = sourcecode.swift; path = BasketViewController.swift; sourceTree = "<group>"; };
		908DEF0A2917F7BA00C4F228 /* BasketViewController.xib */ = {isa = PBXFileReference; lastKnownFileType = file.xib; path = BasketViewController.xib; sourceTree = "<group>"; };
		908DEF0E2917F7CA00C4F228 /* BasketViewModel.swift */ = {isa = PBXFileReference; lastKnownFileType = sourcecode.swift; path = BasketViewModel.swift; sourceTree = "<group>"; };
		908DEF122917F7EC00C4F228 /* BasketTableViewCell.swift */ = {isa = PBXFileReference; lastKnownFileType = sourcecode.swift; path = BasketTableViewCell.swift; sourceTree = "<group>"; };
		908DEF132917F7EC00C4F228 /* BasketTableViewCell.xib */ = {isa = PBXFileReference; lastKnownFileType = file.xib; path = BasketTableViewCell.xib; sourceTree = "<group>"; };
		908DEF1A2917F82500C4F228 /* ProductsViewController.swift */ = {isa = PBXFileReference; lastKnownFileType = sourcecode.swift; path = ProductsViewController.swift; sourceTree = "<group>"; };
		908DEF1B2917F82500C4F228 /* ProductsViewController.xib */ = {isa = PBXFileReference; lastKnownFileType = file.xib; path = ProductsViewController.xib; sourceTree = "<group>"; };
		908DEF1E2917F82E00C4F228 /* ProductsViewModel.swift */ = {isa = PBXFileReference; lastKnownFileType = sourcecode.swift; path = ProductsViewModel.swift; sourceTree = "<group>"; };
		908DEF212917F84400C4F228 /* ProductsCollectionViewCell.swift */ = {isa = PBXFileReference; lastKnownFileType = sourcecode.swift; path = ProductsCollectionViewCell.swift; sourceTree = "<group>"; };
		908DEF222917F84400C4F228 /* ProductsCollectionViewCell.xib */ = {isa = PBXFileReference; lastKnownFileType = file.xib; path = ProductsCollectionViewCell.xib; sourceTree = "<group>"; };
		908DEF292917F88400C4F228 /* SearchViewController.swift */ = {isa = PBXFileReference; lastKnownFileType = sourcecode.swift; path = SearchViewController.swift; sourceTree = "<group>"; };
		908DEF2A2917F88400C4F228 /* SearchViewController.xib */ = {isa = PBXFileReference; lastKnownFileType = file.xib; path = SearchViewController.xib; sourceTree = "<group>"; };
		908DEF2D2917F88F00C4F228 /* SearchViewModel.swift */ = {isa = PBXFileReference; lastKnownFileType = sourcecode.swift; path = SearchViewModel.swift; sourceTree = "<group>"; };
		908DEF332917F91800C4F228 /* ProfileViewController.swift */ = {isa = PBXFileReference; lastKnownFileType = sourcecode.swift; path = ProfileViewController.swift; sourceTree = "<group>"; };
		908DEF342917F91800C4F228 /* ProfileViewController.xib */ = {isa = PBXFileReference; lastKnownFileType = file.xib; path = ProfileViewController.xib; sourceTree = "<group>"; };
		908DEF372917F92100C4F228 /* ProfileViewModel.swift */ = {isa = PBXFileReference; lastKnownFileType = sourcecode.swift; path = ProfileViewModel.swift; sourceTree = "<group>"; };
		90A0E5792917F10F00B371E9 /* OnboardingViewController.swift */ = {isa = PBXFileReference; lastKnownFileType = sourcecode.swift; path = OnboardingViewController.swift; sourceTree = "<group>"; };
		90A0E57A2917F10F00B371E9 /* OnboardingViewController.xib */ = {isa = PBXFileReference; lastKnownFileType = file.xib; name = OnboardingViewController.xib; path = ../Controller/OnboardingViewController.xib; sourceTree = "<group>"; };
		90A0E57D2917F12800B371E9 /* OnboardingViewModel.swift */ = {isa = PBXFileReference; lastKnownFileType = sourcecode.swift; path = OnboardingViewModel.swift; sourceTree = "<group>"; };
		90A0E57F2917F13400B371E9 /* OnboardingModel.swift */ = {isa = PBXFileReference; lastKnownFileType = sourcecode.swift; path = OnboardingModel.swift; sourceTree = "<group>"; };
		90A0E5822917F19F00B371E9 /* OnboardingCollectionViewCell.swift */ = {isa = PBXFileReference; lastKnownFileType = sourcecode.swift; path = OnboardingCollectionViewCell.swift; sourceTree = "<group>"; };
		90A0E5832917F19F00B371E9 /* OnboardingCollectionViewCell.xib */ = {isa = PBXFileReference; lastKnownFileType = file.xib; path = OnboardingCollectionViewCell.xib; sourceTree = "<group>"; };
		90A13C3D29180DEC00C6088D /* Constants.swift */ = {isa = PBXFileReference; lastKnownFileType = sourcecode.swift; path = Constants.swift; sourceTree = "<group>"; };
		90A13C4029180F6D00C6088D /* SplashViewModel.swift */ = {isa = PBXFileReference; lastKnownFileType = sourcecode.swift; path = SplashViewModel.swift; sourceTree = "<group>"; };
		90B38B0A2917F38000C2F3E9 /* AuthenticationViewController.swift */ = {isa = PBXFileReference; lastKnownFileType = sourcecode.swift; path = AuthenticationViewController.swift; sourceTree = "<group>"; };
		90B38B0B2917F38000C2F3E9 /* AuthenticationViewController.xib */ = {isa = PBXFileReference; lastKnownFileType = file.xib; name = AuthenticationViewController.xib; path = ../Controller/AuthenticationViewController.xib; sourceTree = "<group>"; };
		90B38B0E2917F45C00C2F3E9 /* AuthenticationViewModel.swift */ = {isa = PBXFileReference; lastKnownFileType = sourcecode.swift; path = AuthenticationViewModel.swift; sourceTree = "<group>"; };
		90BED3332917EC000036FA21 /* ShoppingApp.app */ = {isa = PBXFileReference; explicitFileType = wrapper.application; includeInIndex = 0; path = ShoppingApp.app; sourceTree = BUILT_PRODUCTS_DIR; };
		90BED3362917EC000036FA21 /* AppDelegate.swift */ = {isa = PBXFileReference; lastKnownFileType = sourcecode.swift; path = AppDelegate.swift; sourceTree = "<group>"; };
		90BED33D2917EC000036FA21 /* Base */ = {isa = PBXFileReference; lastKnownFileType = file.storyboard; name = Base; path = Base.lproj/Main.storyboard; sourceTree = "<group>"; };
		90BED33F2917EC020036FA21 /* Assets.xcassets */ = {isa = PBXFileReference; lastKnownFileType = folder.assetcatalog; path = Assets.xcassets; sourceTree = "<group>"; };
		90BED3422917EC020036FA21 /* Base */ = {isa = PBXFileReference; lastKnownFileType = file.storyboard; name = Base; path = Base.lproj/LaunchScreen.storyboard; sourceTree = "<group>"; };
		90BED3442917EC020036FA21 /* Info.plist */ = {isa = PBXFileReference; lastKnownFileType = text.plist.xml; name = Info.plist; path = ShoppingApp/App/Plists/Info.plist; sourceTree = SOURCE_ROOT; };
		90BED3542917F06D0036FA21 /* SplashViewController.swift */ = {isa = PBXFileReference; lastKnownFileType = sourcecode.swift; path = SplashViewController.swift; sourceTree = "<group>"; };
		90BED3552917F06D0036FA21 /* SplashViewController.xib */ = {isa = PBXFileReference; lastKnownFileType = file.xib; path = SplashViewController.xib; sourceTree = "<group>"; };
		90F170BE29188F3100F47611 /* UserDefaults+Extensions.swift */ = {isa = PBXFileReference; lastKnownFileType = sourcecode.swift; path = "UserDefaults+Extensions.swift"; sourceTree = "<group>"; };
		FE7137D293726BEEFCC31886 /* Pods-ShoppingApp.release.xcconfig */ = {isa = PBXFileReference; includeInIndex = 1; lastKnownFileType = text.xcconfig; name = "Pods-ShoppingApp.release.xcconfig"; path = "Target Support Files/Pods-ShoppingApp/Pods-ShoppingApp.release.xcconfig"; sourceTree = "<group>"; };
/* End PBXFileReference section */

/* Begin PBXFrameworksBuildPhase section */
		90BED3302917EC000036FA21 /* Frameworks */ = {
			isa = PBXFrameworksBuildPhase;
			buildActionMask = 2147483647;
			files = (
				F7A816C8441B9B6F62C5A82E /* Pods_ShoppingApp.framework in Frameworks */,
			);
			runOnlyForDeploymentPostprocessing = 0;
		};
/* End PBXFrameworksBuildPhase section */

/* Begin PBXGroup section */
		850AA6020AB144E39E772F7C /* Pods */ = {
			isa = PBXGroup;
			children = (
				73BE59889B47EDC51D3E3205 /* Pods-ShoppingApp.debug.xcconfig */,
				FE7137D293726BEEFCC31886 /* Pods-ShoppingApp.release.xcconfig */,
			);
			path = Pods;
			sourceTree = "<group>";
		};
		902898C829184BA500610400 /* Model */ = {
			isa = PBXGroup;
			children = (
				902898C929184BB000610400 /* UserModel.swift */,
			);
			path = Model;
			sourceTree = "<group>";
		};
		905686C92918703F00DE6472 /* Model */ = {
			isa = PBXGroup;
			children = (
				905686C72918701800DE6472 /* ProductModel.swift */,
			);
			path = Model;
			sourceTree = "<group>";
		};
		905686CA291870A400DE6472 /* Constants */ = {
			isa = PBXGroup;
			children = (
				90A13C3D29180DEC00C6088D /* Constants.swift */,
			);
			path = Constants;
			sourceTree = "<group>";
		};
		905686CB291870AC00DE6472 /* Extensions */ = {
			isa = PBXGroup;
			children = (
				905686BF2918518A00DE6472 /* Encodable+Extensions.swift */,
				905686C12918520600DE6472 /* UIViewController+Extensions.swift */,
				905686C529186C2F00DE6472 /* UIView+Extensions.swift */,
				90F170BE29188F3100F47611 /* UserDefaults+Extensions.swift */,
			);
			path = Extensions;
			sourceTree = "<group>";
		};
		905686CC291870B800DE6472 /* Network */ = {
			isa = PBXGroup;
			children = (
				905686CF291871F500DE6472 /* APIConstants.swift */,
			);
			path = Network;
			sourceTree = "<group>";
		};
		908DEF052917F78800C4F228 /* Model */ = {
			isa = PBXGroup;
			children = (
			);
			path = Model;
			sourceTree = "<group>";
		};
		908DEF062917F78F00C4F228 /* View */ = {
			isa = PBXGroup;
			children = (
				908DEF102917F7CE00C4F228 /* Cell */,
				908DEF0A2917F7BA00C4F228 /* BasketViewController.xib */,
			);
			path = View;
			sourceTree = "<group>";
		};
		908DEF072917F79400C4F228 /* ViewModel */ = {
			isa = PBXGroup;
			children = (
				908DEF0E2917F7CA00C4F228 /* BasketViewModel.swift */,
			);
			path = ViewModel;
			sourceTree = "<group>";
		};
		908DEF082917F79A00C4F228 /* Controller */ = {
			isa = PBXGroup;
			children = (
				908DEF092917F7BA00C4F228 /* BasketViewController.swift */,
			);
			path = Controller;
			sourceTree = "<group>";
		};
		908DEF102917F7CE00C4F228 /* Cell */ = {
			isa = PBXGroup;
			children = (
				908DEF122917F7EC00C4F228 /* BasketTableViewCell.swift */,
				908DEF132917F7EC00C4F228 /* BasketTableViewCell.xib */,
			);
			path = Cell;
			sourceTree = "<group>";
		};
		908DEF172917F80400C4F228 /* View */ = {
			isa = PBXGroup;
			children = (
				908DEF202917F83200C4F228 /* Cell */,
				908DEF1B2917F82500C4F228 /* ProductsViewController.xib */,
				9014BAD629187FD000C7B28E /* ProductDetailViewController.xib */,
			);
			path = View;
			sourceTree = "<group>";
		};
		908DEF182917F80900C4F228 /* ViewModel */ = {
			isa = PBXGroup;
			children = (
				908DEF1E2917F82E00C4F228 /* ProductsViewModel.swift */,
			);
			path = ViewModel;
			sourceTree = "<group>";
		};
		908DEF192917F80E00C4F228 /* Controller */ = {
			isa = PBXGroup;
			children = (
				908DEF1A2917F82500C4F228 /* ProductsViewController.swift */,
				9014BAD529187FD000C7B28E /* ProductDetailViewController.swift */,
			);
			path = Controller;
			sourceTree = "<group>";
		};
		908DEF202917F83200C4F228 /* Cell */ = {
			isa = PBXGroup;
			children = (
				908DEF212917F84400C4F228 /* ProductsCollectionViewCell.swift */,
				908DEF222917F84400C4F228 /* ProductsCollectionViewCell.xib */,
			);
			path = Cell;
			sourceTree = "<group>";
		};
		908DEF262917F86400C4F228 /* View */ = {
			isa = PBXGroup;
			children = (
				908DEF2A2917F88400C4F228 /* SearchViewController.xib */,
			);
			path = View;
			sourceTree = "<group>";
		};
		908DEF272917F86800C4F228 /* ViewModel */ = {
			isa = PBXGroup;
			children = (
				908DEF2D2917F88F00C4F228 /* SearchViewModel.swift */,
			);
			path = ViewModel;
			sourceTree = "<group>";
		};
		908DEF282917F86F00C4F228 /* Controller */ = {
			isa = PBXGroup;
			children = (
				908DEF292917F88400C4F228 /* SearchViewController.swift */,
			);
			path = Controller;
			sourceTree = "<group>";
		};
		908DEF302917F90000C4F228 /* View */ = {
			isa = PBXGroup;
			children = (
				908DEF342917F91800C4F228 /* ProfileViewController.xib */,
			);
			path = View;
			sourceTree = "<group>";
		};
		908DEF312917F90400C4F228 /* ViewModel */ = {
			isa = PBXGroup;
			children = (
				908DEF372917F92100C4F228 /* ProfileViewModel.swift */,
			);
			path = ViewModel;
			sourceTree = "<group>";
		};
		908DEF322917F90900C4F228 /* Controller */ = {
			isa = PBXGroup;
			children = (
				908DEF332917F91800C4F228 /* ProfileViewController.swift */,
			);
			path = Controller;
			sourceTree = "<group>";
		};
		908DEF392917F95C00C4F228 /* Assets */ = {
			isa = PBXGroup;
			children = (
				90BED33F2917EC020036FA21 /* Assets.xcassets */,
			);
			path = Assets;
			sourceTree = "<group>";
		};
		908DEF3B2917F97600C4F228 /* Delegate */ = {
			isa = PBXGroup;
			children = (
				90BED3362917EC000036FA21 /* AppDelegate.swift */,
			);
			path = Delegate;
			sourceTree = "<group>";
		};
		908DEF3C2917F97A00C4F228 /* Plists */ = {
			isa = PBXGroup;
			children = (
				905686C3291853EF00DE6472 /* GoogleService-Info.plist */,
				90BED3442917EC020036FA21 /* Info.plist */,
			);
			path = Plists;
			sourceTree = "<group>";
		};
		908DEF3D2917F98100C4F228 /* View */ = {
			isa = PBXGroup;
			children = (
				90BED33C2917EC000036FA21 /* Main.storyboard */,
				90BED3412917EC020036FA21 /* LaunchScreen.storyboard */,
			);
			path = View;
			sourceTree = "<group>";
		};
		90A0E5812917F15A00B371E9 /* Cell */ = {
			isa = PBXGroup;
			children = (
				90A0E5822917F19F00B371E9 /* OnboardingCollectionViewCell.swift */,
				90A0E5832917F19F00B371E9 /* OnboardingCollectionViewCell.xib */,
			);
			path = Cell;
			sourceTree = "<group>";
		};
		90A0E5862917F25400B371E9 /* View */ = {
			isa = PBXGroup;
			children = (
				90B38B0B2917F38000C2F3E9 /* AuthenticationViewController.xib */,
			);
			path = View;
			sourceTree = "<group>";
		};
		90A0E5872917F2B800B371E9 /* ViewModel */ = {
			isa = PBXGroup;
			children = (
				90B38B0E2917F45C00C2F3E9 /* AuthenticationViewModel.swift */,
			);
			path = ViewModel;
			sourceTree = "<group>";
		};
		90A0E5882917F2CA00B371E9 /* Controller */ = {
			isa = PBXGroup;
			children = (
				90B38B0A2917F38000C2F3E9 /* AuthenticationViewController.swift */,
			);
			path = Controller;
			sourceTree = "<group>";
		};
		90A13C3C29180DE300C6088D /* Helpers */ = {
			isa = PBXGroup;
			children = (
				905686CB291870AC00DE6472 /* Extensions */,
				905686CA291870A400DE6472 /* Constants */,
			);
			path = Helpers;
			sourceTree = "<group>";
		};
		90A13C3F29180F6300C6088D /* ViewModel */ = {
			isa = PBXGroup;
			children = (
				90A13C4029180F6D00C6088D /* SplashViewModel.swift */,
			);
			path = ViewModel;
			sourceTree = "<group>";
		};
		90BED32A2917EC000036FA21 = {
			isa = PBXGroup;
			children = (
				90BED3352917EC000036FA21 /* ShoppingApp */,
				90BED3342917EC000036FA21 /* Products */,
				850AA6020AB144E39E772F7C /* Pods */,
				CE0D0D827C08850197146F13 /* Frameworks */,
			);
			sourceTree = "<group>";
		};
		90BED3342917EC000036FA21 /* Products */ = {
			isa = PBXGroup;
			children = (
				90BED3332917EC000036FA21 /* ShoppingApp.app */,
			);
			name = Products;
			sourceTree = "<group>";
		};
		90BED3352917EC000036FA21 /* ShoppingApp */ = {
			isa = PBXGroup;
			children = (
				90BED34B2917EF980036FA21 /* Screens */,
				90BED34A2917EF920036FA21 /* App */,
			);
			path = ShoppingApp;
			sourceTree = "<group>";
		};
		90BED34A2917EF920036FA21 /* App */ = {
			isa = PBXGroup;
			children = (
				905686CC291870B800DE6472 /* Network */,
				90A13C3C29180DE300C6088D /* Helpers */,
				908DEF3D2917F98100C4F228 /* View */,
				908DEF3C2917F97A00C4F228 /* Plists */,
				908DEF3B2917F97600C4F228 /* Delegate */,
				908DEF392917F95C00C4F228 /* Assets */,
			);
			path = App;
			sourceTree = "<group>";
		};
		90BED34B2917EF980036FA21 /* Screens */ = {
			isa = PBXGroup;
			children = (
				90BED3532917EFE60036FA21 /* Profile */,
				90BED3522917EFE00036FA21 /* Search */,
				90BED3512917EFDB0036FA21 /* Products */,
				90BED3502917EFD60036FA21 /* Basket */,
				90BED34E2917EFC20036FA21 /* Authentication */,
				90BED34D2917EFBB0036FA21 /* Onboarding */,
				90BED34C2917EFAB0036FA21 /* Splash */,
			);
			path = Screens;
			sourceTree = "<group>";
		};
		90BED34C2917EFAB0036FA21 /* Splash */ = {
			isa = PBXGroup;
			children = (
				90A13C3F29180F6300C6088D /* ViewModel */,
				90BED35C2917F0A20036FA21 /* Controller */,
				90BED35D2917F0A90036FA21 /* View */,
			);
			path = Splash;
			sourceTree = "<group>";
		};
		90BED34D2917EFBB0036FA21 /* Onboarding */ = {
			isa = PBXGroup;
			children = (
				90BED35B2917F0930036FA21 /* Controller */,
				90BED35A2917F08D0036FA21 /* ViewModel */,
				90BED3592917F0820036FA21 /* View */,
				90BED3582917F07A0036FA21 /* Model */,
			);
			path = Onboarding;
			sourceTree = "<group>";
		};
		90BED34E2917EFC20036FA21 /* Authentication */ = {
			isa = PBXGroup;
			children = (
				902898C829184BA500610400 /* Model */,
				90A0E5882917F2CA00B371E9 /* Controller */,
				90A0E5872917F2B800B371E9 /* ViewModel */,
				90A0E5862917F25400B371E9 /* View */,
			);
			path = Authentication;
			sourceTree = "<group>";
		};
		90BED3502917EFD60036FA21 /* Basket */ = {
			isa = PBXGroup;
			children = (
				908DEF082917F79A00C4F228 /* Controller */,
				908DEF072917F79400C4F228 /* ViewModel */,
				908DEF062917F78F00C4F228 /* View */,
				908DEF052917F78800C4F228 /* Model */,
			);
			path = Basket;
			sourceTree = "<group>";
		};
		90BED3512917EFDB0036FA21 /* Products */ = {
			isa = PBXGroup;
			children = (
				908DEF192917F80E00C4F228 /* Controller */,
				908DEF182917F80900C4F228 /* ViewModel */,
				908DEF172917F80400C4F228 /* View */,
				905686C92918703F00DE6472 /* Model */,
			);
			path = Products;
			sourceTree = "<group>";
		};
		90BED3522917EFE00036FA21 /* Search */ = {
			isa = PBXGroup;
			children = (
				908DEF282917F86F00C4F228 /* Controller */,
				908DEF272917F86800C4F228 /* ViewModel */,
				908DEF262917F86400C4F228 /* View */,
			);
			path = Search;
			sourceTree = "<group>";
		};
		90BED3532917EFE60036FA21 /* Profile */ = {
			isa = PBXGroup;
			children = (
				908DEF322917F90900C4F228 /* Controller */,
				908DEF312917F90400C4F228 /* ViewModel */,
				908DEF302917F90000C4F228 /* View */,
			);
			path = Profile;
			sourceTree = "<group>";
		};
		90BED3582917F07A0036FA21 /* Model */ = {
			isa = PBXGroup;
			children = (
				90A0E57F2917F13400B371E9 /* OnboardingModel.swift */,
			);
			path = Model;
			sourceTree = "<group>";
		};
		90BED3592917F0820036FA21 /* View */ = {
			isa = PBXGroup;
			children = (
				90A0E5812917F15A00B371E9 /* Cell */,
				90A0E57A2917F10F00B371E9 /* OnboardingViewController.xib */,
			);
			path = View;
			sourceTree = "<group>";
		};
		90BED35A2917F08D0036FA21 /* ViewModel */ = {
			isa = PBXGroup;
			children = (
				90A0E57D2917F12800B371E9 /* OnboardingViewModel.swift */,
			);
			path = ViewModel;
			sourceTree = "<group>";
		};
		90BED35B2917F0930036FA21 /* Controller */ = {
			isa = PBXGroup;
			children = (
				90A0E5792917F10F00B371E9 /* OnboardingViewController.swift */,
			);
			path = Controller;
			sourceTree = "<group>";
		};
		90BED35C2917F0A20036FA21 /* Controller */ = {
			isa = PBXGroup;
			children = (
				90BED3542917F06D0036FA21 /* SplashViewController.swift */,
			);
			path = Controller;
			sourceTree = "<group>";
		};
		90BED35D2917F0A90036FA21 /* View */ = {
			isa = PBXGroup;
			children = (
				90BED3552917F06D0036FA21 /* SplashViewController.xib */,
			);
			path = View;
			sourceTree = "<group>";
		};
		CE0D0D827C08850197146F13 /* Frameworks */ = {
			isa = PBXGroup;
			children = (
				6E2308BF55F8F680930A3920 /* Pods_ShoppingApp.framework */,
			);
			name = Frameworks;
			sourceTree = "<group>";
		};
/* End PBXGroup section */

/* Begin PBXNativeTarget section */
		90BED3322917EC000036FA21 /* ShoppingApp */ = {
			isa = PBXNativeTarget;
			buildConfigurationList = 90BED3472917EC020036FA21 /* Build configuration list for PBXNativeTarget "ShoppingApp" */;
			buildPhases = (
				ACE6DA9B37599AF454C7C344 /* [CP] Check Pods Manifest.lock */,
				90BED32F2917EC000036FA21 /* Sources */,
				90BED3302917EC000036FA21 /* Frameworks */,
				90BED3312917EC000036FA21 /* Resources */,
				99A56DA0BB8D2A2CDE4A582A /* [CP] Embed Pods Frameworks */,
			);
			buildRules = (
			);
			dependencies = (
			);
			name = ShoppingApp;
			productName = ShoppingApp;
			productReference = 90BED3332917EC000036FA21 /* ShoppingApp.app */;
			productType = "com.apple.product-type.application";
		};
/* End PBXNativeTarget section */

/* Begin PBXProject section */
		90BED32B2917EC000036FA21 /* Project object */ = {
			isa = PBXProject;
			attributes = {
				BuildIndependentTargetsInParallel = 1;
				LastSwiftUpdateCheck = 1400;
				LastUpgradeCheck = 1400;
				TargetAttributes = {
					90BED3322917EC000036FA21 = {
						CreatedOnToolsVersion = 14.0.1;
					};
				};
			};
			buildConfigurationList = 90BED32E2917EC000036FA21 /* Build configuration list for PBXProject "ShoppingApp" */;
			compatibilityVersion = "Xcode 14.0";
			developmentRegion = en;
			hasScannedForEncodings = 0;
			knownRegions = (
				en,
				Base,
			);
			mainGroup = 90BED32A2917EC000036FA21;
			productRefGroup = 90BED3342917EC000036FA21 /* Products */;
			projectDirPath = "";
			projectRoot = "";
			targets = (
				90BED3322917EC000036FA21 /* ShoppingApp */,
			);
		};
/* End PBXProject section */

/* Begin PBXResourcesBuildPhase section */
		90BED3312917EC000036FA21 /* Resources */ = {
			isa = PBXResourcesBuildPhase;
			buildActionMask = 2147483647;
			files = (
				908DEF362917F91800C4F228 /* ProfileViewController.xib in Resources */,
				90BED3432917EC020036FA21 /* LaunchScreen.storyboard in Resources */,
				905686C4291853EF00DE6472 /* GoogleService-Info.plist in Resources */,
				90BED3402917EC020036FA21 /* Assets.xcassets in Resources */,
				90A0E5852917F19F00B371E9 /* OnboardingCollectionViewCell.xib in Resources */,
				908DEF1D2917F82500C4F228 /* ProductsViewController.xib in Resources */,
				90A0E57C2917F10F00B371E9 /* OnboardingViewController.xib in Resources */,
				908DEF242917F84400C4F228 /* ProductsCollectionViewCell.xib in Resources */,
				9014BAD829187FD000C7B28E /* ProductDetailViewController.xib in Resources */,
				90BED33E2917EC000036FA21 /* Main.storyboard in Resources */,
				90B38B0D2917F38000C2F3E9 /* AuthenticationViewController.xib in Resources */,
				908DEF0C2917F7BA00C4F228 /* BasketViewController.xib in Resources */,
				90BED3572917F06D0036FA21 /* SplashViewController.xib in Resources */,
				908DEF152917F7EC00C4F228 /* BasketTableViewCell.xib in Resources */,
				908DEF2C2917F88400C4F228 /* SearchViewController.xib in Resources */,
			);
			runOnlyForDeploymentPostprocessing = 0;
		};
/* End PBXResourcesBuildPhase section */

/* Begin PBXShellScriptBuildPhase section */
		99A56DA0BB8D2A2CDE4A582A /* [CP] Embed Pods Frameworks */ = {
			isa = PBXShellScriptBuildPhase;
			buildActionMask = 2147483647;
			files = (
			);
			inputFileListPaths = (
				"${PODS_ROOT}/Target Support Files/Pods-ShoppingApp/Pods-ShoppingApp-frameworks-${CONFIGURATION}-input-files.xcfilelist",
			);
			name = "[CP] Embed Pods Frameworks";
			outputFileListPaths = (
				"${PODS_ROOT}/Target Support Files/Pods-ShoppingApp/Pods-ShoppingApp-frameworks-${CONFIGURATION}-output-files.xcfilelist",
			);
			runOnlyForDeploymentPostprocessing = 0;
			shellPath = /bin/sh;
			shellScript = "\"${PODS_ROOT}/Target Support Files/Pods-ShoppingApp/Pods-ShoppingApp-frameworks.sh\"\n";
			showEnvVarsInLog = 0;
		};
		ACE6DA9B37599AF454C7C344 /* [CP] Check Pods Manifest.lock */ = {
			isa = PBXShellScriptBuildPhase;
			buildActionMask = 2147483647;
			files = (
			);
			inputFileListPaths = (
			);
			inputPaths = (
				"${PODS_PODFILE_DIR_PATH}/Podfile.lock",
				"${PODS_ROOT}/Manifest.lock",
			);
			name = "[CP] Check Pods Manifest.lock";
			outputFileListPaths = (
			);
			outputPaths = (
				"$(DERIVED_FILE_DIR)/Pods-ShoppingApp-checkManifestLockResult.txt",
			);
			runOnlyForDeploymentPostprocessing = 0;
			shellPath = /bin/sh;
			shellScript = "diff \"${PODS_PODFILE_DIR_PATH}/Podfile.lock\" \"${PODS_ROOT}/Manifest.lock\" > /dev/null\nif [ $? != 0 ] ; then\n    # print error to STDERR\n    echo \"error: The sandbox is not in sync with the Podfile.lock. Run 'pod install' or update your CocoaPods installation.\" >&2\n    exit 1\nfi\n# This output is used by Xcode 'outputs' to avoid re-running this script phase.\necho \"SUCCESS\" > \"${SCRIPT_OUTPUT_FILE_0}\"\n";
			showEnvVarsInLog = 0;
		};
/* End PBXShellScriptBuildPhase section */

/* Begin PBXSourcesBuildPhase section */
		90BED32F2917EC000036FA21 /* Sources */ = {
			isa = PBXSourcesBuildPhase;
			buildActionMask = 2147483647;
			files = (
				90A0E57E2917F12800B371E9 /* OnboardingViewModel.swift in Sources */,
				908DEF0F2917F7CA00C4F228 /* BasketViewModel.swift in Sources */,
				908DEF352917F91800C4F228 /* ProfileViewController.swift in Sources */,
				908DEF1F2917F82E00C4F228 /* ProductsViewModel.swift in Sources */,
				90BED3562917F06D0036FA21 /* SplashViewController.swift in Sources */,
				908DEF2E2917F88F00C4F228 /* SearchViewModel.swift in Sources */,
				905686C82918701800DE6472 /* ProductModel.swift in Sources */,
				905686C629186C2F00DE6472 /* UIView+Extensions.swift in Sources */,
				90A0E5802917F13400B371E9 /* OnboardingModel.swift in Sources */,
				90B38B0C2917F38000C2F3E9 /* AuthenticationViewController.swift in Sources */,
				902898CA29184BB000610400 /* UserModel.swift in Sources */,
				90BED3372917EC000036FA21 /* AppDelegate.swift in Sources */,
				9014BAD729187FD000C7B28E /* ProductDetailViewController.swift in Sources */,
				908DEF0B2917F7BA00C4F228 /* BasketViewController.swift in Sources */,
				90B38B0F2917F45C00C2F3E9 /* AuthenticationViewModel.swift in Sources */,
				905686C22918520600DE6472 /* UIViewController+Extensions.swift in Sources */,
				90A13C3E29180DEC00C6088D /* Constants.swift in Sources */,
				905686C02918518A00DE6472 /* Encodable+Extensions.swift in Sources */,
				90F170BF29188F3100F47611 /* UserDefaults+Extensions.swift in Sources */,
				908DEF1C2917F82500C4F228 /* ProductsViewController.swift in Sources */,
				90A0E5842917F19F00B371E9 /* OnboardingCollectionViewCell.swift in Sources */,
				908DEF2B2917F88400C4F228 /* SearchViewController.swift in Sources */,
				90A13C4129180F6D00C6088D /* SplashViewModel.swift in Sources */,
				90A0E57B2917F10F00B371E9 /* OnboardingViewController.swift in Sources */,
				905686D0291871F500DE6472 /* APIConstants.swift in Sources */,
				908DEF232917F84400C4F228 /* ProductsCollectionViewCell.swift in Sources */,
				908DEF382917F92100C4F228 /* ProfileViewModel.swift in Sources */,
				908DEF142917F7EC00C4F228 /* BasketTableViewCell.swift in Sources */,
			);
			runOnlyForDeploymentPostprocessing = 0;
		};
/* End PBXSourcesBuildPhase section */

/* Begin PBXVariantGroup section */
		90BED33C2917EC000036FA21 /* Main.storyboard */ = {
			isa = PBXVariantGroup;
			children = (
				90BED33D2917EC000036FA21 /* Base */,
			);
			name = Main.storyboard;
			sourceTree = "<group>";
		};
		90BED3412917EC020036FA21 /* LaunchScreen.storyboard */ = {
			isa = PBXVariantGroup;
			children = (
				90BED3422917EC020036FA21 /* Base */,
			);
			name = LaunchScreen.storyboard;
			sourceTree = "<group>";
		};
/* End PBXVariantGroup section */

/* Begin XCBuildConfiguration section */
		90BED3452917EC020036FA21 /* Debug */ = {
			isa = XCBuildConfiguration;
			buildSettings = {
				ALWAYS_SEARCH_USER_PATHS = NO;
				CLANG_ANALYZER_NONNULL = YES;
				CLANG_ANALYZER_NUMBER_OBJECT_CONVERSION = YES_AGGRESSIVE;
				CLANG_CXX_LANGUAGE_STANDARD = "gnu++20";
				CLANG_ENABLE_MODULES = YES;
				CLANG_ENABLE_OBJC_ARC = YES;
				CLANG_ENABLE_OBJC_WEAK = YES;
				CLANG_WARN_BLOCK_CAPTURE_AUTORELEASING = YES;
				CLANG_WARN_BOOL_CONVERSION = YES;
				CLANG_WARN_COMMA = YES;
				CLANG_WARN_CONSTANT_CONVERSION = YES;
				CLANG_WARN_DEPRECATED_OBJC_IMPLEMENTATIONS = YES;
				CLANG_WARN_DIRECT_OBJC_ISA_USAGE = YES_ERROR;
				CLANG_WARN_DOCUMENTATION_COMMENTS = YES;
				CLANG_WARN_EMPTY_BODY = YES;
				CLANG_WARN_ENUM_CONVERSION = YES;
				CLANG_WARN_INFINITE_RECURSION = YES;
				CLANG_WARN_INT_CONVERSION = YES;
				CLANG_WARN_NON_LITERAL_NULL_CONVERSION = YES;
				CLANG_WARN_OBJC_IMPLICIT_RETAIN_SELF = YES;
				CLANG_WARN_OBJC_LITERAL_CONVERSION = YES;
				CLANG_WARN_OBJC_ROOT_CLASS = YES_ERROR;
				CLANG_WARN_QUOTED_INCLUDE_IN_FRAMEWORK_HEADER = YES;
				CLANG_WARN_RANGE_LOOP_ANALYSIS = YES;
				CLANG_WARN_STRICT_PROTOTYPES = YES;
				CLANG_WARN_SUSPICIOUS_MOVE = YES;
				CLANG_WARN_UNGUARDED_AVAILABILITY = YES_AGGRESSIVE;
				CLANG_WARN_UNREACHABLE_CODE = YES;
				CLANG_WARN__DUPLICATE_METHOD_MATCH = YES;
				COPY_PHASE_STRIP = NO;
				DEBUG_INFORMATION_FORMAT = dwarf;
				ENABLE_STRICT_OBJC_MSGSEND = YES;
				ENABLE_TESTABILITY = YES;
				GCC_C_LANGUAGE_STANDARD = gnu11;
				GCC_DYNAMIC_NO_PIC = NO;
				GCC_NO_COMMON_BLOCKS = YES;
				GCC_OPTIMIZATION_LEVEL = 0;
				GCC_PREPROCESSOR_DEFINITIONS = (
					"DEBUG=1",
					"$(inherited)",
				);
				GCC_WARN_64_TO_32_BIT_CONVERSION = YES;
				GCC_WARN_ABOUT_RETURN_TYPE = YES_ERROR;
				GCC_WARN_UNDECLARED_SELECTOR = YES;
				GCC_WARN_UNINITIALIZED_AUTOS = YES_AGGRESSIVE;
				GCC_WARN_UNUSED_FUNCTION = YES;
				GCC_WARN_UNUSED_VARIABLE = YES;
				IPHONEOS_DEPLOYMENT_TARGET = 16.0;
				MTL_ENABLE_DEBUG_INFO = INCLUDE_SOURCE;
				MTL_FAST_MATH = YES;
				ONLY_ACTIVE_ARCH = YES;
				SDKROOT = iphoneos;
				SWIFT_ACTIVE_COMPILATION_CONDITIONS = DEBUG;
				SWIFT_OPTIMIZATION_LEVEL = "-Onone";
			};
			name = Debug;
		};
		90BED3462917EC020036FA21 /* Release */ = {
			isa = XCBuildConfiguration;
			buildSettings = {
				ALWAYS_SEARCH_USER_PATHS = NO;
				CLANG_ANALYZER_NONNULL = YES;
				CLANG_ANALYZER_NUMBER_OBJECT_CONVERSION = YES_AGGRESSIVE;
				CLANG_CXX_LANGUAGE_STANDARD = "gnu++20";
				CLANG_ENABLE_MODULES = YES;
				CLANG_ENABLE_OBJC_ARC = YES;
				CLANG_ENABLE_OBJC_WEAK = YES;
				CLANG_WARN_BLOCK_CAPTURE_AUTORELEASING = YES;
				CLANG_WARN_BOOL_CONVERSION = YES;
				CLANG_WARN_COMMA = YES;
				CLANG_WARN_CONSTANT_CONVERSION = YES;
				CLANG_WARN_DEPRECATED_OBJC_IMPLEMENTATIONS = YES;
				CLANG_WARN_DIRECT_OBJC_ISA_USAGE = YES_ERROR;
				CLANG_WARN_DOCUMENTATION_COMMENTS = YES;
				CLANG_WARN_EMPTY_BODY = YES;
				CLANG_WARN_ENUM_CONVERSION = YES;
				CLANG_WARN_INFINITE_RECURSION = YES;
				CLANG_WARN_INT_CONVERSION = YES;
				CLANG_WARN_NON_LITERAL_NULL_CONVERSION = YES;
				CLANG_WARN_OBJC_IMPLICIT_RETAIN_SELF = YES;
				CLANG_WARN_OBJC_LITERAL_CONVERSION = YES;
				CLANG_WARN_OBJC_ROOT_CLASS = YES_ERROR;
				CLANG_WARN_QUOTED_INCLUDE_IN_FRAMEWORK_HEADER = YES;
				CLANG_WARN_RANGE_LOOP_ANALYSIS = YES;
				CLANG_WARN_STRICT_PROTOTYPES = YES;
				CLANG_WARN_SUSPICIOUS_MOVE = YES;
				CLANG_WARN_UNGUARDED_AVAILABILITY = YES_AGGRESSIVE;
				CLANG_WARN_UNREACHABLE_CODE = YES;
				CLANG_WARN__DUPLICATE_METHOD_MATCH = YES;
				COPY_PHASE_STRIP = NO;
				DEBUG_INFORMATION_FORMAT = "dwarf-with-dsym";
				ENABLE_NS_ASSERTIONS = NO;
				ENABLE_STRICT_OBJC_MSGSEND = YES;
				GCC_C_LANGUAGE_STANDARD = gnu11;
				GCC_NO_COMMON_BLOCKS = YES;
				GCC_WARN_64_TO_32_BIT_CONVERSION = YES;
				GCC_WARN_ABOUT_RETURN_TYPE = YES_ERROR;
				GCC_WARN_UNDECLARED_SELECTOR = YES;
				GCC_WARN_UNINITIALIZED_AUTOS = YES_AGGRESSIVE;
				GCC_WARN_UNUSED_FUNCTION = YES;
				GCC_WARN_UNUSED_VARIABLE = YES;
				IPHONEOS_DEPLOYMENT_TARGET = 16.0;
				MTL_ENABLE_DEBUG_INFO = NO;
				MTL_FAST_MATH = YES;
				SDKROOT = iphoneos;
				SWIFT_COMPILATION_MODE = wholemodule;
				SWIFT_OPTIMIZATION_LEVEL = "-O";
				VALIDATE_PRODUCT = YES;
			};
			name = Release;
		};
		90BED3482917EC020036FA21 /* Debug */ = {
			isa = XCBuildConfiguration;
			baseConfigurationReference = 73BE59889B47EDC51D3E3205 /* Pods-ShoppingApp.debug.xcconfig */;
			buildSettings = {
				ASSETCATALOG_COMPILER_APPICON_NAME = AppIcon;
				ASSETCATALOG_COMPILER_GLOBAL_ACCENT_COLOR_NAME = AccentColor;
				CODE_SIGN_STYLE = Automatic;
				CURRENT_PROJECT_VERSION = 1;
				GENERATE_INFOPLIST_FILE = YES;
				INFOPLIST_FILE = ShoppingApp/App/Plists/Info.plist;
				INFOPLIST_KEY_UIApplicationSupportsIndirectInputEvents = YES;
				INFOPLIST_KEY_UILaunchStoryboardName = LaunchScreen;
				INFOPLIST_KEY_UIMainStoryboardFile = Main;
				INFOPLIST_KEY_UISupportedInterfaceOrientations_iPad = "UIInterfaceOrientationPortrait UIInterfaceOrientationPortraitUpsideDown UIInterfaceOrientationLandscapeLeft UIInterfaceOrientationLandscapeRight";
				INFOPLIST_KEY_UISupportedInterfaceOrientations_iPhone = "UIInterfaceOrientationPortrait UIInterfaceOrientationLandscapeLeft UIInterfaceOrientationLandscapeRight";
				IPHONEOS_DEPLOYMENT_TARGET = 12.0;
				LD_RUNPATH_SEARCH_PATHS = (
					"$(inherited)",
					"@executable_path/Frameworks",
				);
				MARKETING_VERSION = 1.0;
				PRODUCT_BUNDLE_IDENTIFIER = com.ogulcantamyurek.ShoppingApp;
				PRODUCT_NAME = "$(TARGET_NAME)";
				SWIFT_EMIT_LOC_STRINGS = YES;
				SWIFT_VERSION = 5.0;
				TARGETED_DEVICE_FAMILY = "1,2";
			};
			name = Debug;
		};
		90BED3492917EC020036FA21 /* Release */ = {
			isa = XCBuildConfiguration;
			baseConfigurationReference = FE7137D293726BEEFCC31886 /* Pods-ShoppingApp.release.xcconfig */;
			buildSettings = {
				ASSETCATALOG_COMPILER_APPICON_NAME = AppIcon;
				ASSETCATALOG_COMPILER_GLOBAL_ACCENT_COLOR_NAME = AccentColor;
				CODE_SIGN_STYLE = Automatic;
				CURRENT_PROJECT_VERSION = 1;
				GENERATE_INFOPLIST_FILE = YES;
				INFOPLIST_FILE = ShoppingApp/App/Plists/Info.plist;
				INFOPLIST_KEY_UIApplicationSupportsIndirectInputEvents = YES;
				INFOPLIST_KEY_UILaunchStoryboardName = LaunchScreen;
				INFOPLIST_KEY_UIMainStoryboardFile = Main;
				INFOPLIST_KEY_UISupportedInterfaceOrientations_iPad = "UIInterfaceOrientationPortrait UIInterfaceOrientationPortraitUpsideDown UIInterfaceOrientationLandscapeLeft UIInterfaceOrientationLandscapeRight";
				INFOPLIST_KEY_UISupportedInterfaceOrientations_iPhone = "UIInterfaceOrientationPortrait UIInterfaceOrientationLandscapeLeft UIInterfaceOrientationLandscapeRight";
				IPHONEOS_DEPLOYMENT_TARGET = 12.0;
				LD_RUNPATH_SEARCH_PATHS = (
					"$(inherited)",
					"@executable_path/Frameworks",
				);
				MARKETING_VERSION = 1.0;
				PRODUCT_BUNDLE_IDENTIFIER = com.ogulcantamyurek.ShoppingApp;
				PRODUCT_NAME = "$(TARGET_NAME)";
				SWIFT_EMIT_LOC_STRINGS = YES;
				SWIFT_VERSION = 5.0;
				TARGETED_DEVICE_FAMILY = "1,2";
			};
			name = Release;
		};
/* End XCBuildConfiguration section */

/* Begin XCConfigurationList section */
		90BED32E2917EC000036FA21 /* Build configuration list for PBXProject "ShoppingApp" */ = {
			isa = XCConfigurationList;
			buildConfigurations = (
				90BED3452917EC020036FA21 /* Debug */,
				90BED3462917EC020036FA21 /* Release */,
			);
			defaultConfigurationIsVisible = 0;
			defaultConfigurationName = Release;
		};
		90BED3472917EC020036FA21 /* Build configuration list for PBXNativeTarget "ShoppingApp" */ = {
			isa = XCConfigurationList;
			buildConfigurations = (
				90BED3482917EC020036FA21 /* Debug */,
				90BED3492917EC020036FA21 /* Release */,
			);
			defaultConfigurationIsVisible = 0;
			defaultConfigurationName = Release;
		};
/* End XCConfigurationList section */
	};
	rootObject = 90BED32B2917EC000036FA21 /* Project object */;
}
